
Microsoft Visual Studio Solution File, Format Version 12.00
# Visual Studio Version 16
VisualStudioVersion = 16.0.31424.327
MinimumVisualStudioVersion = 10.0.40219.1
Project("{9A19103F-16F7-4668-BE54-9A1E7A4F7556}") = "SingleExperience.Dominio", "SingleExperience\SingleExperience.Dominio.csproj", "{FA7BB1D8-2668-42E7-A6B4-E204F491C931}"
EndProject
Project("{FAE04EC0-301F-11D3-BF4B-00C04F79EFBC}") = "SingleExperience.Api", "SingleExperience.Api\SingleExperience.Api.csproj", "{F697ACD7-8FA6-4B4F-8CFF-22848093D9D3}"
EndProject
Project("{FAE04EC0-301F-11D3-BF4B-00C04F79EFBC}") = "SingleExperience.Repositorio", "SingleExperience.Repositorio\SingleExperience.Repositorio.csproj", "{BF0C0F10-5701-47C0-A121-492656E5635A}"
EndProject
Global
	GlobalSection(SolutionConfigurationPlatforms) = preSolution
		Debug|Any CPU = Debug|Any CPU
		Release|Any CPU = Release|Any CPU
	EndGlobalSection
	GlobalSection(ProjectConfigurationPlatforms) = postSolution
		{FA7BB1D8-2668-42E7-A6B4-E204F491C931}.Debug|Any CPU.ActiveCfg = Debug|Any CPU
		{FA7BB1D8-2668-42E7-A6B4-E204F491C931}.Debug|Any CPU.Build.0 = Debug|Any CPU
		{FA7BB1D8-2668-42E7-A6B4-E204F491C931}.Release|Any CPU.ActiveCfg = Release|Any CPU
		{FA7BB1D8-2668-42E7-A6B4-E204F491C931}.Release|Any CPU.Build.0 = Release|Any CPU
		{F697ACD7-8FA6-4B4F-8CFF-22848093D9D3}.Debug|Any CPU.ActiveCfg = Debug|Any CPU
		{F697ACD7-8FA6-4B4F-8CFF-22848093D9D3}.Debug|Any CPU.Build.0 = Debug|Any CPU
		{F697ACD7-8FA6-4B4F-8CFF-22848093D9D3}.Release|Any CPU.ActiveCfg = Release|Any CPU
		{F697ACD7-8FA6-4B4F-8CFF-22848093D9D3}.Release|Any CPU.Build.0 = Release|Any CPU
		{BF0C0F10-5701-47C0-A121-492656E5635A}.Debug|Any CPU.ActiveCfg = Debug|Any CPU
		{BF0C0F10-5701-47C0-A121-492656E5635A}.Debug|Any CPU.Build.0 = Debug|Any CPU
		{BF0C0F10-5701-47C0-A121-492656E5635A}.Release|Any CPU.ActiveCfg = Release|Any CPU
		{BF0C0F10-5701-47C0-A121-492656E5635A}.Release|Any CPU.Build.0 = Release|Any CPU
	EndGlobalSection
	GlobalSection(SolutionProperties) = preSolution
		HideSolutionNode = FALSE
	EndGlobalSection
	GlobalSection(ExtensibilityGlobals) = postSolution
		SolutionGuid = {53FEADFD-AE91-4FBD-9F5B-969346BAB12D}
	EndGlobalSection
EndGlobal
